--- 
dependencies: 
  sinatra-content-for: 
    group: 
    - :default
    version: ">= 0"
  pony: 
    group: 
    - :default
    version: ">= 0"
  mollom: 
    group: 
    - :default
    version: ">= 0"
  haml: 
    group: 
    - :default
    version: ">= 0"
  crack: 
    group: 
    - :default
    version: ">= 0"
  rack: 
    group: 
    - :default
    version: ">= 0"
  sinatra: 
    group: 
    - :default
    version: ">= 0"
  rack-flash: 
    group: 
    - :default
    version: ">= 0"
  rdiscount: 
    group: 
    - :default
    version: ">= 0"
  shotgun: 
    group: 
    - :default
    version: ">= 0"
specs: 
- activesupport: 
    version: 2.3.5
- crack: 
    version: 0.1.7
- haml: 
    version: 3.0.2
- mime-types: 
    version: "1.16"
- polyglot: 
    version: 0.3.1
- treetop: 
    version: 1.4.5
- mail: 
    version: 2.2.0
- mollom: 
    version: 0.2.2
- pony: 
    version: "1.0"
- rack: 
    version: 1.1.0
- rack-flash: 
    version: 0.1.1
- rdiscount: 
    version: 1.6.3.1
- shotgun: 
    version: "0.6"
- sinatra: 
    version: "1.0"
- sinatra-content-for: 
    version: "0.2"
hash: 102f4eedf1209af56c2dad800f167ad29ea5ce4f
sources: 
- Rubygems: 
    uri: http://rubygems.org
