--- 
hash: 184b12f5b5a6427569409544bd14978b6ba3f5fd
sources: 
- Rubygems: 
    uri: http://rubygems.org
specs: 
- RedCloth: 
    version: 4.2.3
- crack: 
    version: 0.1.7
- haml: 
    version: 2.2.24
- mime-types: 
    version: "1.16"
- tmail: 
    version: 1.2.7.1
- pony: 
    version: 0.9.1
- rack: 
    version: 1.1.0
- rack-flash: 
    version: 0.1.1
- shotgun: 
    version: "0.6"
- sinatra: 
    version: "1.0"
dependencies: 
  sinatra: 
    version: ">= 0"
    group: 
    - :default
  rack: 
    version: ">= 0"
    group: 
    - :default
  haml: 
    version: ">= 0"
    group: 
    - :default
  crack: 
    version: ">= 0"
    group: 
    - :default
  rack-flash: 
    version: ">= 0"
    group: 
    - :default
  RedCloth: 
    version: ">= 0"
    group: 
    - :default
  shotgun: 
    version: ">= 0"
    group: 
    - :default
  pony: 
    version: ">= 0"
    group: 
    - :default
